
Microsoft Visual Studio Solution File, Format Version 12.00
# Visual Studio Version 17
VisualStudioVersion = 17.7.34202.233
MinimumVisualStudioVersion = 10.0.40219.1
Project("{FAE04EC0-301F-11D3-BF4B-00C04F79EFBC}") = "VerifyZipSample", "VerifyZipSample\VerifyZipSample.csproj", "{4FA3EDE1-F544-4E40-B673-1AB50B17BA78}"
EndProject
Project("{FAE04EC0-301F-11D3-BF4B-00C04F79EFBC}") = "VerifyZipSample.V21", "VerifyZipSample.V21\VerifyZipSample.V21.csproj", "{59AE1A5C-9C58-4209-883B-B4CFBEE96D3D}"
EndProject
Project("{FAE04EC0-301F-11D3-BF4B-00C04F79EFBC}") = "VerifyZipSample.V22", "VerifyZipSample.V22\VerifyZipSample.V22.csproj", "{8952752E-4CC3-468C-A1DA-5A09F341C070}"
EndProject
Global
	GlobalSection(SolutionConfigurationPlatforms) = preSolution
		Debug|Any CPU = Debug|Any CPU
		Release|Any CPU = Release|Any CPU
	EndGlobalSection
	GlobalSection(ProjectConfigurationPlatforms) = postSolution
		{4FA3EDE1-F544-4E40-B673-1AB50B17BA78}.Debug|Any CPU.ActiveCfg = Debug|Any CPU
		{4FA3EDE1-F544-4E40-B673-1AB50B17BA78}.Debug|Any CPU.Build.0 = Debug|Any CPU
		{4FA3EDE1-F544-4E40-B673-1AB50B17BA78}.Release|Any CPU.ActiveCfg = Release|Any CPU
		{4FA3EDE1-F544-4E40-B673-1AB50B17BA78}.Release|Any CPU.Build.0 = Release|Any CPU
		{59AE1A5C-9C58-4209-883B-B4CFBEE96D3D}.Debug|Any CPU.ActiveCfg = Debug|Any CPU
		{59AE1A5C-9C58-4209-883B-B4CFBEE96D3D}.Debug|Any CPU.Build.0 = Debug|Any CPU
		{59AE1A5C-9C58-4209-883B-B4CFBEE96D3D}.Release|Any CPU.ActiveCfg = Release|Any CPU
		{59AE1A5C-9C58-4209-883B-B4CFBEE96D3D}.Release|Any CPU.Build.0 = Release|Any CPU
		{8952752E-4CC3-468C-A1DA-5A09F341C070}.Debug|Any CPU.ActiveCfg = Debug|Any CPU
		{8952752E-4CC3-468C-A1DA-5A09F341C070}.Debug|Any CPU.Build.0 = Debug|Any CPU
		{8952752E-4CC3-468C-A1DA-5A09F341C070}.Release|Any CPU.ActiveCfg = Release|Any CPU
		{8952752E-4CC3-468C-A1DA-5A09F341C070}.Release|Any CPU.Build.0 = Release|Any CPU
	EndGlobalSection
	GlobalSection(SolutionProperties) = preSolution
		HideSolutionNode = FALSE
	EndGlobalSection
	GlobalSection(ExtensibilityGlobals) = postSolution
		SolutionGuid = {875B1C0D-CFC8-48F5-B2DA-FC57771D38CE}
	EndGlobalSection
EndGlobal
